github.com/joho/godotenv v1.5.1 h1:7eLL/+HRGLY0ldzfGMeQkb7vMd0as4CfYvUVzLqw0N0=
github.com/joho/godotenv v1.5.1/go.mod h1:f4LDr5Voq0i2e/R5DDNOoa2zzDfwtkZa6DnEwAbqwq4=
github.com/vanisyd/hotkey v1.0.0 h1:IFXjrQYZtmYbPKMUsXIu46TzpXT4BZChV2PLUG6eqSs=
github.com/vanisyd/hotkey v1.0.0/go.mod h1:dCe4QouT4AKCXlkmCUUBGx3w9sJ7ZCrU182HZy/7D+Q=
